// !$*UTF8*$!
{
	archiveVersion = 1;
	classes = {
	};
	objectVersion = 46;
	objects = {

/* Begin PBXBuildFile section */
		C647DB691DC0686900A52D02 /* AppDelegate.swift in Sources */ = {isa = PBXBuildFile; fileRef = C647DB681DC0686900A52D02 /* AppDelegate.swift */; };
		C647DB6B1DC0686900A52D02 /* ViewController.swift in Sources */ = {isa = PBXBuildFile; fileRef = C647DB6A1DC0686900A52D02 /* ViewController.swift */; };
		C647DB6D1DC0686900A52D02 /* Assets.xcassets in Resources */ = {isa = PBXBuildFile; fileRef = C647DB6C1DC0686900A52D02 /* Assets.xcassets */; };
		C647DB701DC0686900A52D02 /* Main.storyboard in Resources */ = {isa = PBXBuildFile; fileRef = C647DB6E1DC0686900A52D02 /* Main.storyboard */; };
		C647DB781DC0687700A52D02 /* art.scnassets in Resources */ = {isa = PBXBuildFile; fileRef = C647DB771DC0687700A52D02 /* art.scnassets */; };
		C647DB7B1DC0687F00A52D02 /* GameView.swift in Sources */ = {isa = PBXBuildFile; fileRef = C647DB791DC0687F00A52D02 /* GameView.swift */; };
/* End PBXBuildFile section */

/* Begin PBXFileReference section */
		C647DB651DC0686900A52D02 /* PSVRPlayer.app */ = {isa = PBXFileReference; explicitFileType = wrapper.application; includeInIndex = 0; path = PSVRPlayer.app; sourceTree = BUILT_PRODUCTS_DIR; };
		C647DB681DC0686900A52D02 /* AppDelegate.swift */ = {isa = PBXFileReference; lastKnownFileType = sourcecode.swift; path = AppDelegate.swift; sourceTree = "<group>"; };
		C647DB6A1DC0686900A52D02 /* ViewController.swift */ = {isa = PBXFileReference; lastKnownFileType = sourcecode.swift; path = ViewController.swift; sourceTree = "<group>"; };
		C647DB6C1DC0686900A52D02 /* Assets.xcassets */ = {isa = PBXFileReference; lastKnownFileType = folder.assetcatalog; path = Assets.xcassets; sourceTree = "<group>"; };
		C647DB6F1DC0686900A52D02 /* Base */ = {isa = PBXFileReference; lastKnownFileType = file.storyboard; name = Base; path = Base.lproj/Main.storyboard; sourceTree = "<group>"; };
		C647DB711DC0686900A52D02 /* Info.plist */ = {isa = PBXFileReference; lastKnownFileType = text.plist.xml; path = Info.plist; sourceTree = "<group>"; };
		C647DB771DC0687700A52D02 /* art.scnassets */ = {isa = PBXFileReference; lastKnownFileType = wrapper.scnassets; path = art.scnassets; sourceTree = "<group>"; };
		C647DB791DC0687F00A52D02 /* GameView.swift */ = {isa = PBXFileReference; fileEncoding = 4; lastKnownFileType = sourcecode.swift; path = GameView.swift; sourceTree = "<group>"; };
/* End PBXFileReference section */

/* Begin PBXFrameworksBuildPhase section */
		C647DB621DC0686900A52D02 /* Frameworks */ = {
			isa = PBXFrameworksBuildPhase;
			buildActionMask = 2147483647;
			files = (
			);
			runOnlyForDeploymentPostprocessing = 0;
		};
/* End PBXFrameworksBuildPhase section */

/* Begin PBXGroup section */
		C647DB5C1DC0686900A52D02 = {
			isa = PBXGroup;
			children = (
				C647DB671DC0686900A52D02 /* PSVRPlayer */,
				C647DB661DC0686900A52D02 /* Products */,
			);
			sourceTree = "<group>";
		};
		C647DB661DC0686900A52D02 /* Products */ = {
			isa = PBXGroup;
			children = (
				C647DB651DC0686900A52D02 /* PSVRPlayer.app */,
			);
			name = Products;
			sourceTree = "<group>";
		};
		C647DB671DC0686900A52D02 /* PSVRPlayer */ = {
			isa = PBXGroup;
			children = (
				C647DB681DC0686900A52D02 /* AppDelegate.swift */,
				C647DB6A1DC0686900A52D02 /* ViewController.swift */,
				C647DB791DC0687F00A52D02 /* GameView.swift */,
				C647DB771DC0687700A52D02 /* art.scnassets */,
				C647DB6C1DC0686900A52D02 /* Assets.xcassets */,
				C647DB6E1DC0686900A52D02 /* Main.storyboard */,
				C647DB711DC0686900A52D02 /* Info.plist */,
			);
			path = PSVRPlayer;
			sourceTree = "<group>";
		};
/* End PBXGroup section */

/* Begin PBXNativeTarget section */
		C647DB641DC0686900A52D02 /* PSVRPlayer */ = {
			isa = PBXNativeTarget;
			buildConfigurationList = C647DB741DC0686900A52D02 /* Build configuration list for PBXNativeTarget "PSVRPlayer" */;
			buildPhases = (
				C647DB611DC0686900A52D02 /* Sources */,
				C647DB621DC0686900A52D02 /* Frameworks */,
				C647DB631DC0686900A52D02 /* Resources */,
			);
			buildRules = (
			);
			dependencies = (
			);
			name = PSVRPlayer;
			productName = PSVRPlayer;
			productReference = C647DB651DC0686900A52D02 /* PSVRPlayer.app */;
			productType = "com.apple.product-type.application";
		};
/* End PBXNativeTarget section */

/* Begin PBXProject section */
		C647DB5D1DC0686900A52D02 /* Project object */ = {
			isa = PBXProject;
			attributes = {
				LastSwiftUpdateCheck = 0800;
				LastUpgradeCheck = 0800;
				ORGANIZATIONNAME = "Zakk Hoyt";
				TargetAttributes = {
					C647DB641DC0686900A52D02 = {
						CreatedOnToolsVersion = 8.0;
						DevelopmentTeam = J7U74N85YF;
						ProvisioningStyle = Automatic;
					};
				};
			};
			buildConfigurationList = C647DB601DC0686900A52D02 /* Build configuration list for PBXProject "PSVRPlayer" */;
			compatibilityVersion = "Xcode 3.2";
			developmentRegion = English;
			hasScannedForEncodings = 0;
			knownRegions = (
				en,
				Base,
			);
			mainGroup = C647DB5C1DC0686900A52D02;
			productRefGroup = C647DB661DC0686900A52D02 /* Products */;
			projectDirPath = "";
			projectRoot = "";
			targets = (
				C647DB641DC0686900A52D02 /* PSVRPlayer */,
			);
		};
/* End PBXProject section */

/* Begin PBXResourcesBuildPhase section */
		C647DB631DC0686900A52D02 /* Resources */ = {
			isa = PBXResourcesBuildPhase;
			buildActionMask = 2147483647;
			files = (
				C647DB6D1DC0686900A52D02 /* Assets.xcassets in Resources */,
				C647DB781DC0687700A52D02 /* art.scnassets in Resources */,
				C647DB701DC0686900A52D02 /* Main.storyboard in Resources */,
			);
			runOnlyForDeploymentPostprocessing = 0;
		};
/* End PBXResourcesBuildPhase section */

/* Begin PBXSourcesBuildPhase section */
		C647DB611DC0686900A52D02 /* Sources */ = {
			isa = PBXSourcesBuildPhase;
			buildActionMask = 2147483647;
			files = (
				C647DB6B1DC0686900A52D02 /* ViewController.swift in Sources */,
				C647DB7B1DC0687F00A52D02 /* GameView.swift in Sources */,
				C647DB691DC0686900A52D02 /* AppDelegate.swift in Sources */,
			);
			runOnlyForDeploymentPostprocessing = 0;
		};
/* End PBXSourcesBuildPhase section */

/* Begin PBXVariantGroup section */
		C647DB6E1DC0686900A52D02 /* Main.storyboard */ = {
			isa = PBXVariantGroup;
			children = (
				C647DB6F1DC0686900A52D02 /* Base */,
			);
			name = Main.storyboard;
			sourceTree = "<group>";
		};
/* End PBXVariantGroup section */

/* Begin XCBuildConfiguration section */
		C647DB721DC0686900A52D02 /* Debug */ = {
			isa = XCBuildConfiguration;
			buildSettings = {
				ALWAYS_SEARCH_USER_PATHS = NO;
				CLANG_ANALYZER_NONNULL = YES;
				CLANG_CXX_LANGUAGE_STANDARD = "gnu++0x";
				CLANG_CXX_LIBRARY = "libc++";
				CLANG_ENABLE_MODULES = YES;
				CLANG_ENABLE_OBJC_ARC = YES;
				CLANG_WARN_BOOL_CONVERSION = YES;
				CLANG_WARN_CONSTANT_CONVERSION = YES;
				CLANG_WARN_DIRECT_OBJC_ISA_USAGE = YES_ERROR;
				CLANG_WARN_DOCUMENTATION_COMMENTS = YES;
				CLANG_WARN_EMPTY_BODY = YES;
				CLANG_WARN_ENUM_CONVERSION = YES;
				CLANG_WARN_INFINITE_RECURSION = YES;
				CLANG_WARN_INT_CONVERSION = YES;
				CLANG_WARN_OBJC_ROOT_CLASS = YES_ERROR;
				CLANG_WARN_SUSPICIOUS_MOVES = YES;
				CLANG_WARN_UNREACHABLE_CODE = YES;
				CLANG_WARN__DUPLICATE_METHOD_MATCH = YES;
				CODE_SIGN_IDENTITY = "-";
				COPY_PHASE_STRIP = NO;
				DEBUG_INFORMATION_FORMAT = dwarf;
				ENABLE_STRICT_OBJC_MSGSEND = YES;
				ENABLE_TESTABILITY = YES;
				GCC_C_LANGUAGE_STANDARD = gnu99;
				GCC_DYNAMIC_NO_PIC = NO;
				GCC_NO_COMMON_BLOCKS = YES;
				GCC_OPTIMIZATION_LEVEL = 0;
				GCC_PREPROCESSOR_DEFINITIONS = (
					"DEBUG=1",
					"$(inherited)",
				);
				GCC_WARN_64_TO_32_BIT_CONVERSION = YES;
				GCC_WARN_ABOUT_RETURN_TYPE = YES_ERROR;
				GCC_WARN_UNDECLARED_SELECTOR = YES;
				GCC_WARN_UNINITIALIZED_AUTOS = YES_AGGRESSIVE;
				GCC_WARN_UNUSED_FUNCTION = YES;
				GCC_WARN_UNUSED_VARIABLE = YES;
				MACOSX_DEPLOYMENT_TARGET = 10.12;
				MTL_ENABLE_DEBUG_INFO = YES;
				ONLY_ACTIVE_ARCH = YES;
				SDKROOT = macosx;
				SWIFT_ACTIVE_COMPILATION_CONDITIONS = DEBUG;
				SWIFT_OPTIMIZATION_LEVEL = "-Onone";
			};
			name = Debug;
		};
		C647DB731DC0686900A52D02 /* Release */ = {
			isa = XCBuildConfiguration;
			buildSettings = {
				ALWAYS_SEARCH_USER_PATHS = NO;
				CLANG_ANALYZER_NONNULL = YES;
				CLANG_CXX_LANGUAGE_STANDARD = "gnu++0x";
				CLANG_CXX_LIBRARY = "libc++";
				CLANG_ENABLE_MODULES = YES;
				CLANG_ENABLE_OBJC_ARC = YES;
				CLANG_WARN_BOOL_CONVERSION = YES;
				CLANG_WARN_CONSTANT_CONVERSION = YES;
				CLANG_WARN_DIRECT_OBJC_ISA_USAGE = YES_ERROR;
				CLANG_WARN_DOCUMENTATION_COMMENTS = YES;
				CLANG_WARN_EMPTY_BODY = YES;
				CLANG_WARN_ENUM_CONVERSION = YES;
				CLANG_WARN_INFINITE_RECURSION = YES;
				CLANG_WARN_INT_CONVERSION = YES;
				CLANG_WARN_OBJC_ROOT_CLASS = YES_ERROR;
				CLANG_WARN_SUSPICIOUS_MOVES = YES;
				CLANG_WARN_UNREACHABLE_CODE = YES;
				CLANG_WARN__DUPLICATE_METHOD_MATCH = YES;
				CODE_SIGN_IDENTITY = "-";
				COPY_PHASE_STRIP = NO;
				DEBUG_INFORMATION_FORMAT = "dwarf-with-dsym";
				ENABLE_NS_ASSERTIONS = NO;
				ENABLE_STRICT_OBJC_MSGSEND = YES;
				GCC_C_LANGUAGE_STANDARD = gnu99;
				GCC_NO_COMMON_BLOCKS = YES;
				GCC_WARN_64_TO_32_BIT_CONVERSION = YES;
				GCC_WARN_ABOUT_RETURN_TYPE = YES_ERROR;
				GCC_WARN_UNDECLARED_SELECTOR = YES;
				GCC_WARN_UNINITIALIZED_AUTOS = YES_AGGRESSIVE;
				GCC_WARN_UNUSED_FUNCTION = YES;
				GCC_WARN_UNUSED_VARIABLE = YES;
				MACOSX_DEPLOYMENT_TARGET = 10.12;
				MTL_ENABLE_DEBUG_INFO = NO;
				SDKROOT = macosx;
				SWIFT_OPTIMIZATION_LEVEL = "-Owholemodule";
			};
			name = Release;
		};
		C647DB751DC0686900A52D02 /* Debug */ = {
			isa = XCBuildConfiguration;
			buildSettings = {
				ASSETCATALOG_COMPILER_APPICON_NAME = AppIcon;
				COMBINE_HIDPI_IMAGES = YES;
				DEVELOPMENT_TEAM = J7U74N85YF;
				INFOPLIST_FILE = PSVRPlayer/Info.plist;
				LD_RUNPATH_SEARCH_PATHS = "$(inherited) @executable_path/../Frameworks";
				PRODUCT_BUNDLE_IDENTIFIER = com.vaporwarewolf.PSVRPlayer;
				PRODUCT_NAME = "$(TARGET_NAME)";
				SWIFT_VERSION = 3.0;
			};
			name = Debug;
		};
		C647DB761DC0686900A52D02 /* Release */ = {
			isa = XCBuildConfiguration;
			buildSettings = {
				ASSETCATALOG_COMPILER_APPICON_NAME = AppIcon;
				COMBINE_HIDPI_IMAGES = YES;
				DEVELOPMENT_TEAM = J7U74N85YF;
				INFOPLIST_FILE = PSVRPlayer/Info.plist;
				LD_RUNPATH_SEARCH_PATHS = "$(inherited) @executable_path/../Frameworks";
				PRODUCT_BUNDLE_IDENTIFIER = com.vaporwarewolf.PSVRPlayer;
				PRODUCT_NAME = "$(TARGET_NAME)";
				SWIFT_VERSION = 3.0;
			};
			name = Release;
		};
/* End XCBuildConfiguration section */

/* Begin XCConfigurationList section */
		C647DB601DC0686900A52D02 /* Build configuration list for PBXProject "PSVRPlayer" */ = {
			isa = XCConfigurationList;
			buildConfigurations = (
				C647DB721DC0686900A52D02 /* Debug */,
				C647DB731DC0686900A52D02 /* Release */,
			);
			defaultConfigurationIsVisible = 0;
			defaultConfigurationName = Release;
		};
		C647DB741DC0686900A52D02 /* Build configuration list for PBXNativeTarget "PSVRPlayer" */ = {
			isa = XCConfigurationList;
			buildConfigurations = (
				C647DB751DC0686900A52D02 /* Debug */,
				C647DB761DC0686900A52D02 /* Release */,
			);
			defaultConfigurationIsVisible = 0;
		};
/* End XCConfigurationList section */
	};
	rootObject = C647DB5D1DC0686900A52D02 /* Project object */;
}
